
Microsoft Visual Studio Solution File, Format Version 12.00
# Visual Studio Version 16
VisualStudioVersion = 16.0.30907.101
MinimumVisualStudioVersion = 10.0.40219.1
Project("{9A19103F-16F7-4668-BE54-9A1E7A4F7556}") = "CarDealership.DataAcess", "CarDealership.DataAcess.csproj", "{91514846-6901-4424-B904-625DC6EE6F48}"
EndProject
Project("{FAE04EC0-301F-11D3-BF4B-00C04F79EFBC}") = "CarDealership.Web", "..\CarDealership.Web\CarDealership.Web.csproj", "{4192F744-1984-44CE-90D5-8A77253C28E3}"
EndProject
Global
	GlobalSection(SolutionConfigurationPlatforms) = preSolution
		Debug|Any CPU = Debug|Any CPU
		Release|Any CPU = Release|Any CPU
	EndGlobalSection
	GlobalSection(ProjectConfigurationPlatforms) = postSolution
		{91514846-6901-4424-B904-625DC6EE6F48}.Debug|Any CPU.ActiveCfg = Debug|Any CPU
		{91514846-6901-4424-B904-625DC6EE6F48}.Debug|Any CPU.Build.0 = Debug|Any CPU
		{91514846-6901-4424-B904-625DC6EE6F48}.Release|Any CPU.ActiveCfg = Release|Any CPU
		{91514846-6901-4424-B904-625DC6EE6F48}.Release|Any CPU.Build.0 = Release|Any CPU
		{4192F744-1984-44CE-90D5-8A77253C28E3}.Debug|Any CPU.ActiveCfg = Debug|Any CPU
		{4192F744-1984-44CE-90D5-8A77253C28E3}.Debug|Any CPU.Build.0 = Debug|Any CPU
		{4192F744-1984-44CE-90D5-8A77253C28E3}.Release|Any CPU.ActiveCfg = Release|Any CPU
		{4192F744-1984-44CE-90D5-8A77253C28E3}.Release|Any CPU.Build.0 = Release|Any CPU
	EndGlobalSection
	GlobalSection(SolutionProperties) = preSolution
		HideSolutionNode = FALSE
	EndGlobalSection
	GlobalSection(ExtensibilityGlobals) = postSolution
		SolutionGuid = {239759BD-F669-48C9-8B1D-9315DC2869E9}
	EndGlobalSection
EndGlobal
